
Microsoft Visual Studio Solution File, Format Version 12.00
# Visual Studio 2013
VisualStudioVersion = 12.0.30723.0
MinimumVisualStudioVersion = 10.0.40219.1
Project("{FAE04EC0-301F-11D3-BF4B-00C04F79EFBC}") = "Demo.MultiplosForms", "Demo.MultiplosForms\Demo.MultiplosForms.csproj", "{21C52AEB-93E2-4FF3-ABC8-7904D4F9B3A0}"
EndProject
Project("{FAE04EC0-301F-11D3-BF4B-00C04F79EFBC}") = "Demo.MultiplosForms.Tests", "Demo.MultiplosForms.Tests\Demo.MultiplosForms.Tests.csproj", "{08742065-4B37-4BAB-BFA7-1557354B78EA}"
EndProject
Project("{FAE04EC0-301F-11D3-BF4B-00C04F79EFBC}") = "Demo.MultiplosForms.Domain", "Demo.MultiplosForms.Domain\Demo.MultiplosForms.Domain.csproj", "{A526385B-8531-4DCE-B292-20B6D8DE4C47}"
EndProject
Project("{FAE04EC0-301F-11D3-BF4B-00C04F79EFBC}") = "Demo.MultiplosForms.IoC", "Demo.MultiplosForms.IoC\Demo.MultiplosForms.IoC.csproj", "{BA4DE467-F29B-4ACB-932C-EF0383FD27D9}"
EndProject
Global
	GlobalSection(SolutionConfigurationPlatforms) = preSolution
		Debug|Any CPU = Debug|Any CPU
		Release|Any CPU = Release|Any CPU
	EndGlobalSection
	GlobalSection(ProjectConfigurationPlatforms) = postSolution
		{21C52AEB-93E2-4FF3-ABC8-7904D4F9B3A0}.Debug|Any CPU.ActiveCfg = Debug|Any CPU
		{21C52AEB-93E2-4FF3-ABC8-7904D4F9B3A0}.Debug|Any CPU.Build.0 = Debug|Any CPU
		{21C52AEB-93E2-4FF3-ABC8-7904D4F9B3A0}.Release|Any CPU.ActiveCfg = Release|Any CPU
		{21C52AEB-93E2-4FF3-ABC8-7904D4F9B3A0}.Release|Any CPU.Build.0 = Release|Any CPU
		{08742065-4B37-4BAB-BFA7-1557354B78EA}.Debug|Any CPU.ActiveCfg = Debug|Any CPU
		{08742065-4B37-4BAB-BFA7-1557354B78EA}.Debug|Any CPU.Build.0 = Debug|Any CPU
		{08742065-4B37-4BAB-BFA7-1557354B78EA}.Release|Any CPU.ActiveCfg = Release|Any CPU
		{08742065-4B37-4BAB-BFA7-1557354B78EA}.Release|Any CPU.Build.0 = Release|Any CPU
		{A526385B-8531-4DCE-B292-20B6D8DE4C47}.Debug|Any CPU.ActiveCfg = Debug|Any CPU
		{A526385B-8531-4DCE-B292-20B6D8DE4C47}.Debug|Any CPU.Build.0 = Debug|Any CPU
		{A526385B-8531-4DCE-B292-20B6D8DE4C47}.Release|Any CPU.ActiveCfg = Release|Any CPU
		{A526385B-8531-4DCE-B292-20B6D8DE4C47}.Release|Any CPU.Build.0 = Release|Any CPU
		{BA4DE467-F29B-4ACB-932C-EF0383FD27D9}.Debug|Any CPU.ActiveCfg = Debug|Any CPU
		{BA4DE467-F29B-4ACB-932C-EF0383FD27D9}.Debug|Any CPU.Build.0 = Debug|Any CPU
		{BA4DE467-F29B-4ACB-932C-EF0383FD27D9}.Release|Any CPU.ActiveCfg = Release|Any CPU
		{BA4DE467-F29B-4ACB-932C-EF0383FD27D9}.Release|Any CPU.Build.0 = Release|Any CPU
	EndGlobalSection
	GlobalSection(SolutionProperties) = preSolution
		HideSolutionNode = FALSE
	EndGlobalSection
EndGlobal
